// !$*UTF8*$!
{
	archiveVersion = 1;
	classes = {
	};
	objectVersion = 48;
	objects = {

/* Begin PBXBuildFile section */
		5E47027935B9F15476EF87F7 /* Pods_WeatherApp.framework in Frameworks */ = {isa = PBXBuildFile; fileRef = 970B71AC2EEF3535086A39B9 /* Pods_WeatherApp.framework */; };
		C1561D5B2168D4E400214DAE /* JSONParameterEncoder.swift in Sources */ = {isa = PBXBuildFile; fileRef = C1561D5A2168D4E400214DAE /* JSONParameterEncoder.swift */; };
		C1561D5D2168D50500214DAE /* ParameterEncoding.swift in Sources */ = {isa = PBXBuildFile; fileRef = C1561D5C2168D50500214DAE /* ParameterEncoding.swift */; };
		C1561D5F2168D51E00214DAE /* URLParameterEncoding.swift in Sources */ = {isa = PBXBuildFile; fileRef = C1561D5E2168D51E00214DAE /* URLParameterEncoding.swift */; };
		C1561D612168D58B00214DAE /* OpenWeatherEndPoint.swift in Sources */ = {isa = PBXBuildFile; fileRef = C1561D602168D58B00214DAE /* OpenWeatherEndPoint.swift */; };
		C1561D632168D67600214DAE /* EndPointType.swift in Sources */ = {isa = PBXBuildFile; fileRef = C1561D622168D67600214DAE /* EndPointType.swift */; };
		C1561D652168D68500214DAE /* HttpMethod.swift in Sources */ = {isa = PBXBuildFile; fileRef = C1561D642168D68500214DAE /* HttpMethod.swift */; };
		C1561D672168D69800214DAE /* HTTPTask.swift in Sources */ = {isa = PBXBuildFile; fileRef = C1561D662168D69800214DAE /* HTTPTask.swift */; };
		C1561D692168D6AD00214DAE /* NetworkLogger.swift in Sources */ = {isa = PBXBuildFile; fileRef = C1561D682168D6AD00214DAE /* NetworkLogger.swift */; };
		C1561D6B2168D6C600214DAE /* Router.swift in Sources */ = {isa = PBXBuildFile; fileRef = C1561D6A2168D6C600214DAE /* Router.swift */; };
		C1561D6D2168D74600214DAE /* OpenWeatherManager.swift in Sources */ = {isa = PBXBuildFile; fileRef = C1561D6C2168D74600214DAE /* OpenWeatherManager.swift */; };
		C1561D702168D7DB00214DAE /* Constants.swift in Sources */ = {isa = PBXBuildFile; fileRef = C1561D6F2168D7DB00214DAE /* Constants.swift */; };
		C1561D722168DE3000214DAE /* City.swift in Sources */ = {isa = PBXBuildFile; fileRef = C1561D712168DE3000214DAE /* City.swift */; };
		C1561D742168E17300214DAE /* Weather.swift in Sources */ = {isa = PBXBuildFile; fileRef = C1561D732168E17300214DAE /* Weather.swift */; };
		C1561D762168E27800214DAE /* Temperature.swift in Sources */ = {isa = PBXBuildFile; fileRef = C1561D752168E27800214DAE /* Temperature.swift */; };
		C1561D782168EF3C00214DAE /* Forecast.swift in Sources */ = {isa = PBXBuildFile; fileRef = C1561D772168EF3C00214DAE /* Forecast.swift */; };
		C1561D7A2168F3DD00214DAE /* SevenDaysForecasting.swift in Sources */ = {isa = PBXBuildFile; fileRef = C1561D792168F3DD00214DAE /* SevenDaysForecasting.swift */; };
		C16D50C2216A5C0100A12433 /* Main.storyboard in Resources */ = {isa = PBXBuildFile; fileRef = C16D50C1216A5C0100A12433 /* Main.storyboard */; };
		C1A1411D216A4C6700583E25 /* Coordinate.swift in Sources */ = {isa = PBXBuildFile; fileRef = C1A1411C216A4C6700583E25 /* Coordinate.swift */; };
		C1A1411F216A504A00583E25 /* Clouds.swift in Sources */ = {isa = PBXBuildFile; fileRef = C1A1411E216A504A00583E25 /* Clouds.swift */; };
		C1A14121216A50BF00583E25 /* Main.swift in Sources */ = {isa = PBXBuildFile; fileRef = C1A14120216A50BF00583E25 /* Main.swift */; };
		C1A14123216A538B00583E25 /* Wind.swift in Sources */ = {isa = PBXBuildFile; fileRef = C1A14122216A538B00583E25 /* Wind.swift */; };
		C1A8885F216A5D04008B4F2B /* BaseViewController.swift in Sources */ = {isa = PBXBuildFile; fileRef = C1A8885E216A5D04008B4F2B /* BaseViewController.swift */; };
		C1A88861216A5D11008B4F2B /* BasePresenter.swift in Sources */ = {isa = PBXBuildFile; fileRef = C1A88860216A5D11008B4F2B /* BasePresenter.swift */; };
		C1A88863216A5D32008B4F2B /* HomeViewController.swift in Sources */ = {isa = PBXBuildFile; fileRef = C1A88862216A5D32008B4F2B /* HomeViewController.swift */; };
		C1A88865216A5D40008B4F2B /* HomePresenter.swift in Sources */ = {isa = PBXBuildFile; fileRef = C1A88864216A5D40008B4F2B /* HomePresenter.swift */; };
		C1A88867216A5D57008B4F2B /* ForecastViewController.swift in Sources */ = {isa = PBXBuildFile; fileRef = C1A88866216A5D57008B4F2B /* ForecastViewController.swift */; };
		C1A88869216A5D69008B4F2B /* ForecastPresenter.swift in Sources */ = {isa = PBXBuildFile; fileRef = C1A88868216A5D69008B4F2B /* ForecastPresenter.swift */; };
		C1A8886B216A5D84008B4F2B /* DetailViewController.swift in Sources */ = {isa = PBXBuildFile; fileRef = C1A8886A216A5D84008B4F2B /* DetailViewController.swift */; };
		C1A8886D216A5DA0008B4F2B /* DetailPresenter.swift in Sources */ = {isa = PBXBuildFile; fileRef = C1A8886C216A5DA0008B4F2B /* DetailPresenter.swift */; };
		C1A88870216A6180008B4F2B /* UIButtonRounded.swift in Sources */ = {isa = PBXBuildFile; fileRef = C1A8886F216A6180008B4F2B /* UIButtonRounded.swift */; };
		C1A88872216A64A6008B4F2B /* Localizable.strings in Resources */ = {isa = PBXBuildFile; fileRef = C1A88871216A64A6008B4F2B /* Localizable.strings */; };
		C1A88875216A6E10008B4F2B /* Color.swift in Sources */ = {isa = PBXBuildFile; fileRef = C1A88874216A6E10008B4F2B /* Color.swift */; };
		C1D37B212168CEE7009D7619 /* AppDelegate.swift in Sources */ = {isa = PBXBuildFile; fileRef = C1D37B202168CEE7009D7619 /* AppDelegate.swift */; };
		C1D37B292168CEE7009D7619 /* WeatherApp.xcdatamodeld in Sources */ = {isa = PBXBuildFile; fileRef = C1D37B272168CEE7009D7619 /* WeatherApp.xcdatamodeld */; };
		C1D37B2B2168CEE7009D7619 /* Assets.xcassets in Resources */ = {isa = PBXBuildFile; fileRef = C1D37B2A2168CEE7009D7619 /* Assets.xcassets */; };
		C1D37B2E2168CEE7009D7619 /* LaunchScreen.storyboard in Resources */ = {isa = PBXBuildFile; fileRef = C1D37B2C2168CEE7009D7619 /* LaunchScreen.storyboard */; };
/* End PBXBuildFile section */

/* Begin PBXFileReference section */
		952A4BF09659979A0B431307 /* Pods-WeatherApp.debug.xcconfig */ = {isa = PBXFileReference; includeInIndex = 1; lastKnownFileType = text.xcconfig; name = "Pods-WeatherApp.debug.xcconfig"; path = "Pods/Target Support Files/Pods-WeatherApp/Pods-WeatherApp.debug.xcconfig"; sourceTree = "<group>"; };
		970B71AC2EEF3535086A39B9 /* Pods_WeatherApp.framework */ = {isa = PBXFileReference; explicitFileType = wrapper.framework; includeInIndex = 0; path = Pods_WeatherApp.framework; sourceTree = BUILT_PRODUCTS_DIR; };
		C1561D5A2168D4E400214DAE /* JSONParameterEncoder.swift */ = {isa = PBXFileReference; lastKnownFileType = sourcecode.swift; path = JSONParameterEncoder.swift; sourceTree = "<group>"; };
		C1561D5C2168D50500214DAE /* ParameterEncoding.swift */ = {isa = PBXFileReference; lastKnownFileType = sourcecode.swift; path = ParameterEncoding.swift; sourceTree = "<group>"; };
		C1561D5E2168D51E00214DAE /* URLParameterEncoding.swift */ = {isa = PBXFileReference; lastKnownFileType = sourcecode.swift; path = URLParameterEncoding.swift; sourceTree = "<group>"; };
		C1561D602168D58B00214DAE /* OpenWeatherEndPoint.swift */ = {isa = PBXFileReference; lastKnownFileType = sourcecode.swift; path = OpenWeatherEndPoint.swift; sourceTree = "<group>"; };
		C1561D622168D67600214DAE /* EndPointType.swift */ = {isa = PBXFileReference; lastKnownFileType = sourcecode.swift; path = EndPointType.swift; sourceTree = "<group>"; };
		C1561D642168D68500214DAE /* HttpMethod.swift */ = {isa = PBXFileReference; lastKnownFileType = sourcecode.swift; path = HttpMethod.swift; sourceTree = "<group>"; };
		C1561D662168D69800214DAE /* HTTPTask.swift */ = {isa = PBXFileReference; lastKnownFileType = sourcecode.swift; path = HTTPTask.swift; sourceTree = "<group>"; };
		C1561D682168D6AD00214DAE /* NetworkLogger.swift */ = {isa = PBXFileReference; lastKnownFileType = sourcecode.swift; path = NetworkLogger.swift; sourceTree = "<group>"; };
		C1561D6A2168D6C600214DAE /* Router.swift */ = {isa = PBXFileReference; lastKnownFileType = sourcecode.swift; path = Router.swift; sourceTree = "<group>"; };
		C1561D6C2168D74600214DAE /* OpenWeatherManager.swift */ = {isa = PBXFileReference; lastKnownFileType = sourcecode.swift; path = OpenWeatherManager.swift; sourceTree = "<group>"; };
		C1561D6F2168D7DB00214DAE /* Constants.swift */ = {isa = PBXFileReference; lastKnownFileType = sourcecode.swift; path = Constants.swift; sourceTree = "<group>"; };
		C1561D712168DE3000214DAE /* City.swift */ = {isa = PBXFileReference; lastKnownFileType = sourcecode.swift; path = City.swift; sourceTree = "<group>"; };
		C1561D732168E17300214DAE /* Weather.swift */ = {isa = PBXFileReference; lastKnownFileType = sourcecode.swift; path = Weather.swift; sourceTree = "<group>"; };
		C1561D752168E27800214DAE /* Temperature.swift */ = {isa = PBXFileReference; lastKnownFileType = sourcecode.swift; path = Temperature.swift; sourceTree = "<group>"; };
		C1561D772168EF3C00214DAE /* Forecast.swift */ = {isa = PBXFileReference; lastKnownFileType = sourcecode.swift; path = Forecast.swift; sourceTree = "<group>"; };
		C1561D792168F3DD00214DAE /* SevenDaysForecasting.swift */ = {isa = PBXFileReference; lastKnownFileType = sourcecode.swift; path = SevenDaysForecasting.swift; sourceTree = "<group>"; };
		C16D50C1216A5C0100A12433 /* Main.storyboard */ = {isa = PBXFileReference; lastKnownFileType = file.storyboard; path = Main.storyboard; sourceTree = "<group>"; };
		C1A1411C216A4C6700583E25 /* Coordinate.swift */ = {isa = PBXFileReference; lastKnownFileType = sourcecode.swift; path = Coordinate.swift; sourceTree = "<group>"; };
		C1A1411E216A504A00583E25 /* Clouds.swift */ = {isa = PBXFileReference; lastKnownFileType = sourcecode.swift; path = Clouds.swift; sourceTree = "<group>"; };
		C1A14120216A50BF00583E25 /* Main.swift */ = {isa = PBXFileReference; lastKnownFileType = sourcecode.swift; path = Main.swift; sourceTree = "<group>"; };
		C1A14122216A538B00583E25 /* Wind.swift */ = {isa = PBXFileReference; lastKnownFileType = sourcecode.swift; path = Wind.swift; sourceTree = "<group>"; };
		C1A8885E216A5D04008B4F2B /* BaseViewController.swift */ = {isa = PBXFileReference; lastKnownFileType = sourcecode.swift; path = BaseViewController.swift; sourceTree = "<group>"; };
		C1A88860216A5D11008B4F2B /* BasePresenter.swift */ = {isa = PBXFileReference; lastKnownFileType = sourcecode.swift; path = BasePresenter.swift; sourceTree = "<group>"; };
		C1A88862216A5D32008B4F2B /* HomeViewController.swift */ = {isa = PBXFileReference; lastKnownFileType = sourcecode.swift; path = HomeViewController.swift; sourceTree = "<group>"; };
		C1A88864216A5D40008B4F2B /* HomePresenter.swift */ = {isa = PBXFileReference; lastKnownFileType = sourcecode.swift; path = HomePresenter.swift; sourceTree = "<group>"; };
		C1A88866216A5D57008B4F2B /* ForecastViewController.swift */ = {isa = PBXFileReference; lastKnownFileType = sourcecode.swift; path = ForecastViewController.swift; sourceTree = "<group>"; };
		C1A88868216A5D69008B4F2B /* ForecastPresenter.swift */ = {isa = PBXFileReference; lastKnownFileType = sourcecode.swift; path = ForecastPresenter.swift; sourceTree = "<group>"; };
		C1A8886A216A5D84008B4F2B /* DetailViewController.swift */ = {isa = PBXFileReference; lastKnownFileType = sourcecode.swift; path = DetailViewController.swift; sourceTree = "<group>"; };
		C1A8886C216A5DA0008B4F2B /* DetailPresenter.swift */ = {isa = PBXFileReference; lastKnownFileType = sourcecode.swift; path = DetailPresenter.swift; sourceTree = "<group>"; };
		C1A8886F216A6180008B4F2B /* UIButtonRounded.swift */ = {isa = PBXFileReference; lastKnownFileType = sourcecode.swift; path = UIButtonRounded.swift; sourceTree = "<group>"; };
		C1A88871216A64A6008B4F2B /* Localizable.strings */ = {isa = PBXFileReference; lastKnownFileType = text.plist.strings; path = Localizable.strings; sourceTree = "<group>"; };
		C1A88874216A6E10008B4F2B /* Color.swift */ = {isa = PBXFileReference; lastKnownFileType = sourcecode.swift; path = Color.swift; sourceTree = "<group>"; };
		C1D37B1D2168CEE7009D7619 /* WeatherApp.app */ = {isa = PBXFileReference; explicitFileType = wrapper.application; includeInIndex = 0; path = WeatherApp.app; sourceTree = BUILT_PRODUCTS_DIR; };
		C1D37B202168CEE7009D7619 /* AppDelegate.swift */ = {isa = PBXFileReference; lastKnownFileType = sourcecode.swift; path = AppDelegate.swift; sourceTree = "<group>"; };
		C1D37B282168CEE7009D7619 /* WeatherApp.xcdatamodel */ = {isa = PBXFileReference; lastKnownFileType = wrapper.xcdatamodel; path = WeatherApp.xcdatamodel; sourceTree = "<group>"; };
		C1D37B2A2168CEE7009D7619 /* Assets.xcassets */ = {isa = PBXFileReference; lastKnownFileType = folder.assetcatalog; path = Assets.xcassets; sourceTree = "<group>"; };
		C1D37B2D2168CEE7009D7619 /* Base */ = {isa = PBXFileReference; lastKnownFileType = file.storyboard; name = Base; path = Base.lproj/LaunchScreen.storyboard; sourceTree = "<group>"; };
		C1D37B2F2168CEE7009D7619 /* Info.plist */ = {isa = PBXFileReference; lastKnownFileType = text.plist.xml; path = Info.plist; sourceTree = "<group>"; };
		DCAB8B73908B3BE7062048F3 /* Pods-WeatherApp.release.xcconfig */ = {isa = PBXFileReference; includeInIndex = 1; lastKnownFileType = text.xcconfig; name = "Pods-WeatherApp.release.xcconfig"; path = "Pods/Target Support Files/Pods-WeatherApp/Pods-WeatherApp.release.xcconfig"; sourceTree = "<group>"; };
/* End PBXFileReference section */

/* Begin PBXFrameworksBuildPhase section */
		C1D37B1A2168CEE7009D7619 /* Frameworks */ = {
			isa = PBXFrameworksBuildPhase;
			buildActionMask = 2147483647;
			files = (
				5E47027935B9F15476EF87F7 /* Pods_WeatherApp.framework in Frameworks */,
			);
			runOnlyForDeploymentPostprocessing = 0;
		};
/* End PBXFrameworksBuildPhase section */

/* Begin PBXGroup section */
		80F37FBB067B60FD3EC9B0E0 /* Pods */ = {
			isa = PBXGroup;
			children = (
				952A4BF09659979A0B431307 /* Pods-WeatherApp.debug.xcconfig */,
				DCAB8B73908B3BE7062048F3 /* Pods-WeatherApp.release.xcconfig */,
			);
			name = Pods;
			sourceTree = "<group>";
		};
		B8D3C5EC6155BF066799057D /* Frameworks */ = {
			isa = PBXGroup;
			children = (
				970B71AC2EEF3535086A39B9 /* Pods_WeatherApp.framework */,
			);
			name = Frameworks;
			sourceTree = "<group>";
		};
		C1561D552168D48300214DAE /* Encoding */ = {
			isa = PBXGroup;
			children = (
				C1561D5A2168D4E400214DAE /* JSONParameterEncoder.swift */,
				C1561D5C2168D50500214DAE /* ParameterEncoding.swift */,
				C1561D5E2168D51E00214DAE /* URLParameterEncoding.swift */,
			);
			path = Encoding;
			sourceTree = "<group>";
		};
		C1561D562168D48E00214DAE /* EndPoint */ = {
			isa = PBXGroup;
			children = (
				C1561D602168D58B00214DAE /* OpenWeatherEndPoint.swift */,
			);
			path = EndPoint;
			sourceTree = "<group>";
		};
		C1561D572168D49400214DAE /* Manager */ = {
			isa = PBXGroup;
			children = (
				C1561D6C2168D74600214DAE /* OpenWeatherManager.swift */,
			);
			path = Manager;
			sourceTree = "<group>";
		};
		C1561D582168D49900214DAE /* Model */ = {
			isa = PBXGroup;
			children = (
				C1561D712168DE3000214DAE /* City.swift */,
				C1561D732168E17300214DAE /* Weather.swift */,
				C1561D752168E27800214DAE /* Temperature.swift */,
				C1561D772168EF3C00214DAE /* Forecast.swift */,
				C1561D792168F3DD00214DAE /* SevenDaysForecasting.swift */,
				C1A1411C216A4C6700583E25 /* Coordinate.swift */,
				C1A1411E216A504A00583E25 /* Clouds.swift */,
				C1A14120216A50BF00583E25 /* Main.swift */,
				C1A14122216A538B00583E25 /* Wind.swift */,
			);
			path = Model;
			sourceTree = "<group>";
		};
		C1561D592168D49F00214DAE /* Service */ = {
			isa = PBXGroup;
			children = (
				C1561D622168D67600214DAE /* EndPointType.swift */,
				C1561D642168D68500214DAE /* HttpMethod.swift */,
				C1561D662168D69800214DAE /* HTTPTask.swift */,
				C1561D682168D6AD00214DAE /* NetworkLogger.swift */,
				C1561D6A2168D6C600214DAE /* Router.swift */,
			);
			path = Service;
			sourceTree = "<group>";
		};
		C1561D6E2168D7C800214DAE /* Utils */ = {
			isa = PBXGroup;
			children = (
				C1561D6F2168D7DB00214DAE /* Constants.swift */,
			);
			path = Utils;
			sourceTree = "<group>";
		};
		C16D50BD216A5B2B00A12433 /* UI */ = {
			isa = PBXGroup;
			children = (
				C1A8885D216A5CE8008B4F2B /* Base */,
				C16D50C0216A5B4F00A12433 /* DetailView */,
				C16D50BF216A5B4800A12433 /* ForecastView */,
				C16D50BE216A5B3A00A12433 /* HomeView */,
				C16D50C1216A5C0100A12433 /* Main.storyboard */,
				C1A88871216A64A6008B4F2B /* Localizable.strings */,
			);
			name = UI;
			path = "New Group1";
			sourceTree = "<group>";
		};
		C16D50BE216A5B3A00A12433 /* HomeView */ = {
			isa = PBXGroup;
			children = (
				C1A88862216A5D32008B4F2B /* HomeViewController.swift */,
				C1A88864216A5D40008B4F2B /* HomePresenter.swift */,
			);
			path = HomeView;
			sourceTree = "<group>";
		};
		C16D50BF216A5B4800A12433 /* ForecastView */ = {
			isa = PBXGroup;
			children = (
				C1A88866216A5D57008B4F2B /* ForecastViewController.swift */,
				C1A88868216A5D69008B4F2B /* ForecastPresenter.swift */,
			);
			path = ForecastView;
			sourceTree = "<group>";
		};
		C16D50C0216A5B4F00A12433 /* DetailView */ = {
			isa = PBXGroup;
			children = (
				C1A8886A216A5D84008B4F2B /* DetailViewController.swift */,
				C1A8886C216A5DA0008B4F2B /* DetailPresenter.swift */,
			);
			path = DetailView;
			sourceTree = "<group>";
		};
		C1A8885D216A5CE8008B4F2B /* Base */ = {
			isa = PBXGroup;
			children = (
				C1A8885E216A5D04008B4F2B /* BaseViewController.swift */,
				C1A88860216A5D11008B4F2B /* BasePresenter.swift */,
			);
			path = Base;
			sourceTree = "<group>";
		};
		C1A8886E216A6161008B4F2B /* CustomViews */ = {
			isa = PBXGroup;
			children = (
				C1A8886F216A6180008B4F2B /* UIButtonRounded.swift */,
			);
			path = CustomViews;
			sourceTree = "<group>";
		};
		C1A88873216A6DFF008B4F2B /* Extensions */ = {
			isa = PBXGroup;
			children = (
				C1A88874216A6E10008B4F2B /* Color.swift */,
			);
			path = Extensions;
			sourceTree = "<group>";
		};
		C1D37B142168CEE7009D7619 = {
			isa = PBXGroup;
			children = (
				C1D37B1F2168CEE7009D7619 /* WeatherApp */,
				C1D37B1E2168CEE7009D7619 /* Products */,
				80F37FBB067B60FD3EC9B0E0 /* Pods */,
				B8D3C5EC6155BF066799057D /* Frameworks */,
			);
			sourceTree = "<group>";
		};
		C1D37B1E2168CEE7009D7619 /* Products */ = {
			isa = PBXGroup;
			children = (
				C1D37B1D2168CEE7009D7619 /* WeatherApp.app */,
			);
			name = Products;
			sourceTree = "<group>";
		};
		C1D37B1F2168CEE7009D7619 /* WeatherApp */ = {
			isa = PBXGroup;
			children = (
				C1A88873216A6DFF008B4F2B /* Extensions */,
				C1A8886E216A6161008B4F2B /* CustomViews */,
				C16D50BD216A5B2B00A12433 /* UI */,
				C1561D6E2168D7C800214DAE /* Utils */,
				C1D37B352168D11D009D7619 /* Networking */,
				C1D37B202168CEE7009D7619 /* AppDelegate.swift */,
				C1D37B2A2168CEE7009D7619 /* Assets.xcassets */,
				C1D37B2C2168CEE7009D7619 /* LaunchScreen.storyboard */,
				C1D37B2F2168CEE7009D7619 /* Info.plist */,
				C1D37B272168CEE7009D7619 /* WeatherApp.xcdatamodeld */,
			);
			path = WeatherApp;
			sourceTree = "<group>";
		};
		C1D37B352168D11D009D7619 /* Networking */ = {
			isa = PBXGroup;
			children = (
				C1561D592168D49F00214DAE /* Service */,
				C1561D582168D49900214DAE /* Model */,
				C1561D572168D49400214DAE /* Manager */,
				C1561D562168D48E00214DAE /* EndPoint */,
				C1561D552168D48300214DAE /* Encoding */,
			);
			path = Networking;
			sourceTree = "<group>";
		};
/* End PBXGroup section */

/* Begin PBXNativeTarget section */
		C1D37B1C2168CEE7009D7619 /* WeatherApp */ = {
			isa = PBXNativeTarget;
			buildConfigurationList = C1D37B322168CEE7009D7619 /* Build configuration list for PBXNativeTarget "WeatherApp" */;
			buildPhases = (
				02E3953E2E9F40504FF32C87 /* [CP] Check Pods Manifest.lock */,
				C1D37B192168CEE7009D7619 /* Sources */,
				C1D37B1A2168CEE7009D7619 /* Frameworks */,
				C1D37B1B2168CEE7009D7619 /* Resources */,
				0F14900C0D6BE3F2954AF41D /* [CP] Embed Pods Frameworks */,
			);
			buildRules = (
			);
			dependencies = (
			);
			name = WeatherApp;
			productName = WeatherApp;
			productReference = C1D37B1D2168CEE7009D7619 /* WeatherApp.app */;
			productType = "com.apple.product-type.application";
		};
/* End PBXNativeTarget section */

/* Begin PBXProject section */
		C1D37B152168CEE7009D7619 /* Project object */ = {
			isa = PBXProject;
			attributes = {
				LastSwiftUpdateCheck = 0910;
				LastUpgradeCheck = 0910;
				ORGANIZATIONNAME = personal;
				TargetAttributes = {
					C1D37B1C2168CEE7009D7619 = {
						CreatedOnToolsVersion = 9.1;
						ProvisioningStyle = Manual;
					};
				};
			};
			buildConfigurationList = C1D37B182168CEE7009D7619 /* Build configuration list for PBXProject "WeatherApp" */;
			compatibilityVersion = "Xcode 8.0";
			developmentRegion = en;
			hasScannedForEncodings = 0;
			knownRegions = (
				en,
				Base,
			);
			mainGroup = C1D37B142168CEE7009D7619;
			productRefGroup = C1D37B1E2168CEE7009D7619 /* Products */;
			projectDirPath = "";
			projectRoot = "";
			targets = (
				C1D37B1C2168CEE7009D7619 /* WeatherApp */,
			);
		};
/* End PBXProject section */

/* Begin PBXResourcesBuildPhase section */
		C1D37B1B2168CEE7009D7619 /* Resources */ = {
			isa = PBXResourcesBuildPhase;
			buildActionMask = 2147483647;
			files = (
				C1A88872216A64A6008B4F2B /* Localizable.strings in Resources */,
				C16D50C2216A5C0100A12433 /* Main.storyboard in Resources */,
				C1D37B2E2168CEE7009D7619 /* LaunchScreen.storyboard in Resources */,
				C1D37B2B2168CEE7009D7619 /* Assets.xcassets in Resources */,
			);
			runOnlyForDeploymentPostprocessing = 0;
		};
/* End PBXResourcesBuildPhase section */

/* Begin PBXShellScriptBuildPhase section */
		02E3953E2E9F40504FF32C87 /* [CP] Check Pods Manifest.lock */ = {
			isa = PBXShellScriptBuildPhase;
			buildActionMask = 2147483647;
			files = (
			);
			inputPaths = (
				"${PODS_PODFILE_DIR_PATH}/Podfile.lock",
				"${PODS_ROOT}/Manifest.lock",
			);
			name = "[CP] Check Pods Manifest.lock";
			outputPaths = (
				"$(DERIVED_FILE_DIR)/Pods-WeatherApp-checkManifestLockResult.txt",
			);
			runOnlyForDeploymentPostprocessing = 0;
			shellPath = /bin/sh;
			shellScript = "diff \"${PODS_PODFILE_DIR_PATH}/Podfile.lock\" \"${PODS_ROOT}/Manifest.lock\" > /dev/null\nif [ $? != 0 ] ; then\n    # print error to STDERR\n    echo \"error: The sandbox is not in sync with the Podfile.lock. Run 'pod install' or update your CocoaPods installation.\" >&2\n    exit 1\nfi\n# This output is used by Xcode 'outputs' to avoid re-running this script phase.\necho \"SUCCESS\" > \"${SCRIPT_OUTPUT_FILE_0}\"\n";
			showEnvVarsInLog = 0;
		};
		0F14900C0D6BE3F2954AF41D /* [CP] Embed Pods Frameworks */ = {
			isa = PBXShellScriptBuildPhase;
			buildActionMask = 2147483647;
			files = (
			);
			inputPaths = (
				"${SRCROOT}/Pods/Target Support Files/Pods-WeatherApp/Pods-WeatherApp-frameworks.sh",
				"${BUILT_PRODUCTS_DIR}/PKHUD/PKHUD.framework",
			);
			name = "[CP] Embed Pods Frameworks";
			outputPaths = (
				"${TARGET_BUILD_DIR}/${FRAMEWORKS_FOLDER_PATH}/PKHUD.framework",
			);
			runOnlyForDeploymentPostprocessing = 0;
			shellPath = /bin/sh;
			shellScript = "\"${SRCROOT}/Pods/Target Support Files/Pods-WeatherApp/Pods-WeatherApp-frameworks.sh\"\n";
			showEnvVarsInLog = 0;
		};
/* End PBXShellScriptBuildPhase section */

/* Begin PBXSourcesBuildPhase section */
		C1D37B192168CEE7009D7619 /* Sources */ = {
			isa = PBXSourcesBuildPhase;
			buildActionMask = 2147483647;
			files = (
				C1D37B292168CEE7009D7619 /* WeatherApp.xcdatamodeld in Sources */,
				C1A88867216A5D57008B4F2B /* ForecastViewController.swift in Sources */,
				C1A88875216A6E10008B4F2B /* Color.swift in Sources */,
				C1D37B212168CEE7009D7619 /* AppDelegate.swift in Sources */,
				C1561D632168D67600214DAE /* EndPointType.swift in Sources */,
				C1561D5B2168D4E400214DAE /* JSONParameterEncoder.swift in Sources */,
				C1A14121216A50BF00583E25 /* Main.swift in Sources */,
				C1A8885F216A5D04008B4F2B /* BaseViewController.swift in Sources */,
				C1D37B292168CEE7009D7619 /* WeatherApp.xcdatamodeld in Sources */,
				C1561D612168D58B00214DAE /* OpenWeatherEndPoint.swift in Sources */,
				C1561D6B2168D6C600214DAE /* Router.swift in Sources */,
				C1561D652168D68500214DAE /* HttpMethod.swift in Sources */,
				C1561D5D2168D50500214DAE /* ParameterEncoding.swift in Sources */,
				C1A88863216A5D32008B4F2B /* HomeViewController.swift in Sources */,
				C1561D672168D69800214DAE /* HTTPTask.swift in Sources */,
				C1561D742168E17300214DAE /* Weather.swift in Sources */,
				C1A14123216A538B00583E25 /* Wind.swift in Sources */,
				C1A88869216A5D69008B4F2B /* ForecastPresenter.swift in Sources */,
				C1561D762168E27800214DAE /* Temperature.swift in Sources */,
				C1561D5F2168D51E00214DAE /* URLParameterEncoding.swift in Sources */,
				C1A88861216A5D11008B4F2B /* BasePresenter.swift in Sources */,
				C1561D7A2168F3DD00214DAE /* SevenDaysForecasting.swift in Sources */,
				C1A8886D216A5DA0008B4F2B /* DetailPresenter.swift in Sources */,
				C1561D782168EF3C00214DAE /* Forecast.swift in Sources */,
				C1561D722168DE3000214DAE /* City.swift in Sources */,
				C1561D702168D7DB00214DAE /* Constants.swift in Sources */,
				C1561D6D2168D74600214DAE /* OpenWeatherManager.swift in Sources */,
				C1A1411F216A504A00583E25 /* Clouds.swift in Sources */,
				C1A88870216A6180008B4F2B /* UIButtonRounded.swift in Sources */,
				C1A88865216A5D40008B4F2B /* HomePresenter.swift in Sources */,
				C1A8886B216A5D84008B4F2B /* DetailViewController.swift in Sources */,
				C1561D692168D6AD00214DAE /* NetworkLogger.swift in Sources */,
				C1A1411D216A4C6700583E25 /* Coordinate.swift in Sources */,
			);
			runOnlyForDeploymentPostprocessing = 0;
		};
/* End PBXSourcesBuildPhase section */

/* Begin PBXVariantGroup section */
		C1D37B2C2168CEE7009D7619 /* LaunchScreen.storyboard */ = {
			isa = PBXVariantGroup;
			children = (
				C1D37B2D2168CEE7009D7619 /* Base */,
			);
			name = LaunchScreen.storyboard;
			sourceTree = "<group>";
		};
/* End PBXVariantGroup section */

/* Begin XCBuildConfiguration section */
		C1D37B302168CEE7009D7619 /* Debug */ = {
			isa = XCBuildConfiguration;
			buildSettings = {
				ALWAYS_SEARCH_USER_PATHS = NO;
				CLANG_ANALYZER_NONNULL = YES;
				CLANG_ANALYZER_NUMBER_OBJECT_CONVERSION = YES_AGGRESSIVE;
				CLANG_CXX_LANGUAGE_STANDARD = "gnu++14";
				CLANG_CXX_LIBRARY = "libc++";
				CLANG_ENABLE_MODULES = YES;
				CLANG_ENABLE_OBJC_ARC = YES;
				CLANG_WARN_BLOCK_CAPTURE_AUTORELEASING = YES;
				CLANG_WARN_BOOL_CONVERSION = YES;
				CLANG_WARN_COMMA = YES;
				CLANG_WARN_CONSTANT_CONVERSION = YES;
				CLANG_WARN_DIRECT_OBJC_ISA_USAGE = YES_ERROR;
				CLANG_WARN_DOCUMENTATION_COMMENTS = YES;
				CLANG_WARN_EMPTY_BODY = YES;
				CLANG_WARN_ENUM_CONVERSION = YES;
				CLANG_WARN_INFINITE_RECURSION = YES;
				CLANG_WARN_INT_CONVERSION = YES;
				CLANG_WARN_NON_LITERAL_NULL_CONVERSION = YES;
				CLANG_WARN_OBJC_LITERAL_CONVERSION = YES;
				CLANG_WARN_OBJC_ROOT_CLASS = YES_ERROR;
				CLANG_WARN_RANGE_LOOP_ANALYSIS = YES;
				CLANG_WARN_STRICT_PROTOTYPES = YES;
				CLANG_WARN_SUSPICIOUS_MOVE = YES;
				CLANG_WARN_UNGUARDED_AVAILABILITY = YES_AGGRESSIVE;
				CLANG_WARN_UNREACHABLE_CODE = YES;
				CLANG_WARN__DUPLICATE_METHOD_MATCH = YES;
				CODE_SIGN_IDENTITY = "iPhone Developer";
				COPY_PHASE_STRIP = NO;
				DEBUG_INFORMATION_FORMAT = dwarf;
				ENABLE_STRICT_OBJC_MSGSEND = YES;
				ENABLE_TESTABILITY = YES;
				GCC_C_LANGUAGE_STANDARD = gnu11;
				GCC_DYNAMIC_NO_PIC = NO;
				GCC_NO_COMMON_BLOCKS = YES;
				GCC_OPTIMIZATION_LEVEL = 0;
				GCC_PREPROCESSOR_DEFINITIONS = (
					"DEBUG=1",
					"$(inherited)",
				);
				GCC_WARN_64_TO_32_BIT_CONVERSION = YES;
				GCC_WARN_ABOUT_RETURN_TYPE = YES_ERROR;
				GCC_WARN_UNDECLARED_SELECTOR = YES;
				GCC_WARN_UNINITIALIZED_AUTOS = YES_AGGRESSIVE;
				GCC_WARN_UNUSED_FUNCTION = YES;
				GCC_WARN_UNUSED_VARIABLE = YES;
				IPHONEOS_DEPLOYMENT_TARGET = 10.0;
				MTL_ENABLE_DEBUG_INFO = YES;
				ONLY_ACTIVE_ARCH = YES;
				SDKROOT = iphoneos;
				SWIFT_ACTIVE_COMPILATION_CONDITIONS = DEBUG;
				SWIFT_OPTIMIZATION_LEVEL = "-Onone";
			};
			name = Debug;
		};
		C1D37B312168CEE7009D7619 /* Release */ = {
			isa = XCBuildConfiguration;
			buildSettings = {
				ALWAYS_SEARCH_USER_PATHS = NO;
				CLANG_ANALYZER_NONNULL = YES;
				CLANG_ANALYZER_NUMBER_OBJECT_CONVERSION = YES_AGGRESSIVE;
				CLANG_CXX_LANGUAGE_STANDARD = "gnu++14";
				CLANG_CXX_LIBRARY = "libc++";
				CLANG_ENABLE_MODULES = YES;
				CLANG_ENABLE_OBJC_ARC = YES;
				CLANG_WARN_BLOCK_CAPTURE_AUTORELEASING = YES;
				CLANG_WARN_BOOL_CONVERSION = YES;
				CLANG_WARN_COMMA = YES;
				CLANG_WARN_CONSTANT_CONVERSION = YES;
				CLANG_WARN_DIRECT_OBJC_ISA_USAGE = YES_ERROR;
				CLANG_WARN_DOCUMENTATION_COMMENTS = YES;
				CLANG_WARN_EMPTY_BODY = YES;
				CLANG_WARN_ENUM_CONVERSION = YES;
				CLANG_WARN_INFINITE_RECURSION = YES;
				CLANG_WARN_INT_CONVERSION = YES;
				CLANG_WARN_NON_LITERAL_NULL_CONVERSION = YES;
				CLANG_WARN_OBJC_LITERAL_CONVERSION = YES;
				CLANG_WARN_OBJC_ROOT_CLASS = YES_ERROR;
				CLANG_WARN_RANGE_LOOP_ANALYSIS = YES;
				CLANG_WARN_STRICT_PROTOTYPES = YES;
				CLANG_WARN_SUSPICIOUS_MOVE = YES;
				CLANG_WARN_UNGUARDED_AVAILABILITY = YES_AGGRESSIVE;
				CLANG_WARN_UNREACHABLE_CODE = YES;
				CLANG_WARN__DUPLICATE_METHOD_MATCH = YES;
				CODE_SIGN_IDENTITY = "iPhone Developer";
				COPY_PHASE_STRIP = NO;
				DEBUG_INFORMATION_FORMAT = "dwarf-with-dsym";
				ENABLE_NS_ASSERTIONS = NO;
				ENABLE_STRICT_OBJC_MSGSEND = YES;
				GCC_C_LANGUAGE_STANDARD = gnu11;
				GCC_NO_COMMON_BLOCKS = YES;
				GCC_WARN_64_TO_32_BIT_CONVERSION = YES;
				GCC_WARN_ABOUT_RETURN_TYPE = YES_ERROR;
				GCC_WARN_UNDECLARED_SELECTOR = YES;
				GCC_WARN_UNINITIALIZED_AUTOS = YES_AGGRESSIVE;
				GCC_WARN_UNUSED_FUNCTION = YES;
				GCC_WARN_UNUSED_VARIABLE = YES;
				IPHONEOS_DEPLOYMENT_TARGET = 10.0;
				MTL_ENABLE_DEBUG_INFO = NO;
				SDKROOT = iphoneos;
				SWIFT_OPTIMIZATION_LEVEL = "-Owholemodule";
				VALIDATE_PRODUCT = YES;
			};
			name = Release;
		};
		C1D37B332168CEE7009D7619 /* Debug */ = {
			isa = XCBuildConfiguration;
			baseConfigurationReference = 952A4BF09659979A0B431307 /* Pods-WeatherApp.debug.xcconfig */;
			buildSettings = {
				ASSETCATALOG_COMPILER_APPICON_NAME = AppIcon;
				CODE_SIGN_STYLE = Manual;
				DEVELOPMENT_TEAM = "";
				INFOPLIST_FILE = WeatherApp/Info.plist;
				IPHONEOS_DEPLOYMENT_TARGET = 10.0;
				LD_RUNPATH_SEARCH_PATHS = "$(inherited) @executable_path/Frameworks";
				PRODUCT_BUNDLE_IDENTIFIER = com.personal.weatherapp.WeatherApp;
				PRODUCT_NAME = "$(TARGET_NAME)";
				PROVISIONING_PROFILE_SPECIFIER = "";
				SWIFT_VERSION = 4.0;
				TARGETED_DEVICE_FAMILY = "1,2";
			};
			name = Debug;
		};
		C1D37B342168CEE7009D7619 /* Release */ = {
			isa = XCBuildConfiguration;
			baseConfigurationReference = DCAB8B73908B3BE7062048F3 /* Pods-WeatherApp.release.xcconfig */;
			buildSettings = {
				ASSETCATALOG_COMPILER_APPICON_NAME = AppIcon;
				CODE_SIGN_STYLE = Manual;
				DEVELOPMENT_TEAM = "";
				INFOPLIST_FILE = WeatherApp/Info.plist;
				IPHONEOS_DEPLOYMENT_TARGET = 10.0;
				LD_RUNPATH_SEARCH_PATHS = "$(inherited) @executable_path/Frameworks";
				PRODUCT_BUNDLE_IDENTIFIER = com.personal.weatherapp.WeatherApp;
				PRODUCT_NAME = "$(TARGET_NAME)";
				PROVISIONING_PROFILE_SPECIFIER = "";
				SWIFT_VERSION = 4.0;
				TARGETED_DEVICE_FAMILY = "1,2";
			};
			name = Release;
		};
/* End XCBuildConfiguration section */

/* Begin XCConfigurationList section */
		C1D37B182168CEE7009D7619 /* Build configuration list for PBXProject "WeatherApp" */ = {
			isa = XCConfigurationList;
			buildConfigurations = (
				C1D37B302168CEE7009D7619 /* Debug */,
				C1D37B312168CEE7009D7619 /* Release */,
			);
			defaultConfigurationIsVisible = 0;
			defaultConfigurationName = Release;
		};
		C1D37B322168CEE7009D7619 /* Build configuration list for PBXNativeTarget "WeatherApp" */ = {
			isa = XCConfigurationList;
			buildConfigurations = (
				C1D37B332168CEE7009D7619 /* Debug */,
				C1D37B342168CEE7009D7619 /* Release */,
			);
			defaultConfigurationIsVisible = 0;
			defaultConfigurationName = Release;
		};
/* End XCConfigurationList section */

/* Begin XCVersionGroup section */
		C1D37B272168CEE7009D7619 /* WeatherApp.xcdatamodeld */ = {
			isa = XCVersionGroup;
			children = (
				C1D37B282168CEE7009D7619 /* WeatherApp.xcdatamodel */,
			);
			currentVersion = C1D37B282168CEE7009D7619 /* WeatherApp.xcdatamodel */;
			path = WeatherApp.xcdatamodeld;
			sourceTree = "<group>";
			versionGroupType = wrapper.xcdatamodel;
		};
/* End XCVersionGroup section */
	};
	rootObject = C1D37B152168CEE7009D7619 /* Project object */;
}
